
Microsoft Visual Studio Solution File, Format Version 12.00
# Visual Studio Version 17
VisualStudioVersion = 17.5.33627.172
MinimumVisualStudioVersion = 10.0.40219.1
Project("{FAE04EC0-301F-11D3-BF4B-00C04F79EFBC}") = "Nassrallah_Product", "Nassrallah_Product\Nassrallah_Product.csproj", "{D56DF938-163A-4FC5-9B42-5163EAC50ED5}"
EndProject
Global
	GlobalSection(SolutionConfigurationPlatforms) = preSolution
		Debug|Any CPU = Debug|Any CPU
		Release|Any CPU = Release|Any CPU
	EndGlobalSection
	GlobalSection(ProjectConfigurationPlatforms) = postSolution
		{D56DF938-163A-4FC5-9B42-5163EAC50ED5}.Debug|Any CPU.ActiveCfg = Debug|Any CPU
		{D56DF938-163A-4FC5-9B42-5163EAC50ED5}.Debug|Any CPU.Build.0 = Debug|Any CPU
		{D56DF938-163A-4FC5-9B42-5163EAC50ED5}.Release|Any CPU.ActiveCfg = Release|Any CPU
		{D56DF938-163A-4FC5-9B42-5163EAC50ED5}.Release|Any CPU.Build.0 = Release|Any CPU
	EndGlobalSection
	GlobalSection(SolutionProperties) = preSolution
		HideSolutionNode = FALSE
	EndGlobalSection
	GlobalSection(ExtensibilityGlobals) = postSolution
		SolutionGuid = {C9C2B469-0D71-4023-BCD3-0F164C4E08E9}
	EndGlobalSection
EndGlobal
